
Microsoft Visual Studio Solution File, Format Version 12.00
# Visual Studio Version 17
VisualStudioVersion = 17.5.002.0
MinimumVisualStudioVersion = 10.0.40219.1
Project("{9A19103F-16F7-4668-BE54-9A1E7A4F7556}") = "a", "a\a.csproj", "{9AA7BB1C-E59C-4C4E-BA30-955F59D0B760}"
EndProject
Global
	GlobalSection(SolutionConfigurationPlatforms) = preSolution
		Debug|Any CPU = Debug|Any CPU
		Release|Any CPU = Release|Any CPU
	EndGlobalSection
	GlobalSection(ProjectConfigurationPlatforms) = postSolution
		{9AA7BB1C-E59C-4C4E-BA30-955F59D0B760}.Debug|Any CPU.ActiveCfg = Debug|Any CPU
		{9AA7BB1C-E59C-4C4E-BA30-955F59D0B760}.Debug|Any CPU.Build.0 = Debug|Any CPU
		{9AA7BB1C-E59C-4C4E-BA30-955F59D0B760}.Release|Any CPU.ActiveCfg = Release|Any CPU
		{9AA7BB1C-E59C-4C4E-BA30-955F59D0B760}.Release|Any CPU.Build.0 = Release|Any CPU
	EndGlobalSection
	GlobalSection(SolutionProperties) = preSolution
		HideSolutionNode = FALSE
	EndGlobalSection
	GlobalSection(ExtensibilityGlobals) = postSolution
		SolutionGuid = {F8B94A4F-DBB6-4543-954C-086D7E4A8573}
	EndGlobalSection
EndGlobal
